
Microsoft Visual Studio Solution File, Format Version 12.00
# Visual Studio Version 17
VisualStudioVersion = 17.9.34526.213
MinimumVisualStudioVersion = 10.0.40219.1
Project("{FAE04EC0-301F-11D3-BF4B-00C04F79EFBC}") = "ChatBot", "ChatBot\ChatBot.csproj", "{4BE28A1D-A31E-4B84-977E-FDF801C0C6BD}"
EndProject
Global
	GlobalSection(SolutionConfigurationPlatforms) = preSolution
		Debug|Any CPU = Debug|Any CPU
		Release|Any CPU = Release|Any CPU
	EndGlobalSection
	GlobalSection(ProjectConfigurationPlatforms) = postSolution
		{4BE28A1D-A31E-4B84-977E-FDF801C0C6BD}.Debug|Any CPU.ActiveCfg = Debug|Any CPU
		{4BE28A1D-A31E-4B84-977E-FDF801C0C6BD}.Debug|Any CPU.Build.0 = Debug|Any CPU
		{4BE28A1D-A31E-4B84-977E-FDF801C0C6BD}.Release|Any CPU.ActiveCfg = Release|Any CPU
		{4BE28A1D-A31E-4B84-977E-FDF801C0C6BD}.Release|Any CPU.Build.0 = Release|Any CPU
	EndGlobalSection
	GlobalSection(SolutionProperties) = preSolution
		HideSolutionNode = FALSE
	EndGlobalSection
	GlobalSection(ExtensibilityGlobals) = postSolution
		SolutionGuid = {A9D0C463-21D3-4CE6-BB7B-51FC231AD4F9}
	EndGlobalSection
EndGlobal
